
Microsoft Visual Studio Solution File, Format Version 12.00
# Visual Studio Version 16
VisualStudioVersion = 16.0.31205.134
MinimumVisualStudioVersion = 10.0.40219.1
Project("{FAE04EC0-301F-11D3-BF4B-00C04F79EFBC}") = "Paths Main", "Paths Main.csproj", "{13562575-FC77-4835-910B-B35E049509B4}"
EndProject
Global
	GlobalSection(SolutionConfigurationPlatforms) = preSolution
		Debug|Any CPU = Debug|Any CPU
		Release|Any CPU = Release|Any CPU
	EndGlobalSection
	GlobalSection(ProjectConfigurationPlatforms) = postSolution
		{13562575-FC77-4835-910B-B35E049509B4}.Debug|Any CPU.ActiveCfg = Debug|Any CPU
		{13562575-FC77-4835-910B-B35E049509B4}.Debug|Any CPU.Build.0 = Debug|Any CPU
		{13562575-FC77-4835-910B-B35E049509B4}.Release|Any CPU.ActiveCfg = Release|Any CPU
		{13562575-FC77-4835-910B-B35E049509B4}.Release|Any CPU.Build.0 = Release|Any CPU
	EndGlobalSection
	GlobalSection(SolutionProperties) = preSolution
		HideSolutionNode = FALSE
	EndGlobalSection
	GlobalSection(ExtensibilityGlobals) = postSolution
		SolutionGuid = {7D3C22A2-3D3E-4179-A82D-6981E92C55C3}
	EndGlobalSection
EndGlobal
